
Microsoft Visual Studio Solution File, Format Version 12.00
# Visual Studio 15
Project("{FAE04EC0-301F-11D3-BF4B-00C04F79EFBC}") = "UnityEditor.UI", "UnityEditor.UI.csproj", "{1581AB9C-9C3E-5BBC-9459-5E861D3E3955}"
EndProject
Project("{FAE04EC0-301F-11D3-BF4B-00C04F79EFBC}") = "UnityEngine.UI", "UnityEngine.UI.csproj", "{CAE82DC5-4045-DE81-59C8-189FB9C1FDA8}"
EndProject
Project("{FAE04EC0-301F-11D3-BF4B-00C04F79EFBC}") = "Assembly-CSharp", "Assembly-CSharp.csproj", "{87AE71C7-FAC2-E876-737D-85713DB516B8}"
EndProject
Global
	GlobalSection(SolutionConfigurationPlatforms) = preSolution
		Debug|Any CPU = Debug|Any CPU
		Release|Any CPU = Release|Any CPU
	EndGlobalSection
	GlobalSection(ProjectConfigurationPlatforms) = postSolution
		{1581AB9C-9C3E-5BBC-9459-5E861D3E3955}.Debug|Any CPU.ActiveCfg = Debug|Any CPU
		{1581AB9C-9C3E-5BBC-9459-5E861D3E3955}.Debug|Any CPU.Build.0 = Debug|Any CPU
		{1581AB9C-9C3E-5BBC-9459-5E861D3E3955}.Release|Any CPU.ActiveCfg = Release|Any CPU
		{1581AB9C-9C3E-5BBC-9459-5E861D3E3955}.Release|Any CPU.Build.0 = Release|Any CPU
		{CAE82DC5-4045-DE81-59C8-189FB9C1FDA8}.Debug|Any CPU.ActiveCfg = Debug|Any CPU
		{CAE82DC5-4045-DE81-59C8-189FB9C1FDA8}.Debug|Any CPU.Build.0 = Debug|Any CPU
		{CAE82DC5-4045-DE81-59C8-189FB9C1FDA8}.Release|Any CPU.ActiveCfg = Release|Any CPU
		{CAE82DC5-4045-DE81-59C8-189FB9C1FDA8}.Release|Any CPU.Build.0 = Release|Any CPU
		{87AE71C7-FAC2-E876-737D-85713DB516B8}.Debug|Any CPU.ActiveCfg = Debug|Any CPU
		{87AE71C7-FAC2-E876-737D-85713DB516B8}.Debug|Any CPU.Build.0 = Debug|Any CPU
		{87AE71C7-FAC2-E876-737D-85713DB516B8}.Release|Any CPU.ActiveCfg = Release|Any CPU
		{87AE71C7-FAC2-E876-737D-85713DB516B8}.Release|Any CPU.Build.0 = Release|Any CPU
	EndGlobalSection
	GlobalSection(SolutionProperties) = preSolution
		HideSolutionNode = FALSE
	EndGlobalSection
EndGlobal
